<Solution>
  <Folder Name="/_solution-items/">
    <File Path=".gitignore" />
    <File Path="Directory.build.props" />
    <File Path="README.md" />
  </Folder>
  <Project Path="Language/Language.csproj" />
  <Project Path="Pop/Pop.csproj" />
  <Project Path="Runtime/Runtime.csproj" />
  <Project Path="Tests/Tests.csproj" />
</Solution>
